
Microsoft Visual Studio Solution File, Format Version 12.00
# Visual Studio 15
VisualStudioVersion = 15.0.28010.2041
MinimumVisualStudioVersion = 10.0.40219.1
Project("{FAE04EC0-301F-11D3-BF4B-00C04F79EFBC}") = "PostMeService", "PostMeService\PostMeService.csproj", "{43089419-A6A7-48BF-8482-BDE38054A500}"
EndProject
Global
	GlobalSection(SolutionConfigurationPlatforms) = preSolution
		Debug|Any CPU = Debug|Any CPU
		Release|Any CPU = Release|Any CPU
	EndGlobalSection
	GlobalSection(ProjectConfigurationPlatforms) = postSolution
		{43089419-A6A7-48BF-8482-BDE38054A500}.Debug|Any CPU.ActiveCfg = Debug|Any CPU
		{43089419-A6A7-48BF-8482-BDE38054A500}.Debug|Any CPU.Build.0 = Debug|Any CPU
		{43089419-A6A7-48BF-8482-BDE38054A500}.Release|Any CPU.ActiveCfg = Release|Any CPU
		{43089419-A6A7-48BF-8482-BDE38054A500}.Release|Any CPU.Build.0 = Release|Any CPU
	EndGlobalSection
	GlobalSection(SolutionProperties) = preSolution
		HideSolutionNode = FALSE
	EndGlobalSection
	GlobalSection(ExtensibilityGlobals) = postSolution
		SolutionGuid = {99AB44AB-0077-4A36-8B59-793C7F6AB6AE}
	EndGlobalSection
EndGlobal
